
Microsoft Visual Studio Solution File, Format Version 12.00
# Visual Studio Version 17
VisualStudioVersion = 17.5.33627.172
MinimumVisualStudioVersion = 10.0.40219.1
Project("{FAE04EC0-301F-11D3-BF4B-00C04F79EFBC}") = "Sistema Mascotas", "Sistema Mascotas\Sistema Mascotas.csproj", "{B8721464-3694-4CC9-B86A-71CD958498BD}"
EndProject
Global
	GlobalSection(SolutionConfigurationPlatforms) = preSolution
		Debug|Any CPU = Debug|Any CPU
		Release|Any CPU = Release|Any CPU
	EndGlobalSection
	GlobalSection(ProjectConfigurationPlatforms) = postSolution
		{B8721464-3694-4CC9-B86A-71CD958498BD}.Debug|Any CPU.ActiveCfg = Debug|Any CPU
		{B8721464-3694-4CC9-B86A-71CD958498BD}.Debug|Any CPU.Build.0 = Debug|Any CPU
		{B8721464-3694-4CC9-B86A-71CD958498BD}.Release|Any CPU.ActiveCfg = Release|Any CPU
		{B8721464-3694-4CC9-B86A-71CD958498BD}.Release|Any CPU.Build.0 = Release|Any CPU
	EndGlobalSection
	GlobalSection(SolutionProperties) = preSolution
		HideSolutionNode = FALSE
	EndGlobalSection
	GlobalSection(ExtensibilityGlobals) = postSolution
		SolutionGuid = {FB205E7C-4F40-454F-9E82-396C0A48563C}
	EndGlobalSection
EndGlobal
